
Microsoft Visual Studio Solution File, Format Version 12.00
# Visual Studio Version 17
VisualStudioVersion = 17.8.34309.116
MinimumVisualStudioVersion = 10.0.40219.1
Project("{FAE04EC0-301F-11D3-BF4B-00C04F79EFBC}") = "Demo.Web", "Demo.Web\Demo.Web.csproj", "{BA15ECED-A61C-44BA-BFAC-E6A5CC27AEF2}"
EndProject
Project("{FAE04EC0-301F-11D3-BF4B-00C04F79EFBC}") = "Demo.DAL", "Demo.DAL\Demo.DAL.csproj", "{B092B159-80D7-4E8F-8CB9-596DFFF2AC78}"
EndProject
Project("{FAE04EC0-301F-11D3-BF4B-00C04F79EFBC}") = "Demo.BLL", "Demo.BLL\Demo.BLL.csproj", "{5D9E5230-6881-4C14-A1B3-0DB1BF187C8D}"
EndProject
Global
	GlobalSection(SolutionConfigurationPlatforms) = preSolution
		Debug|Any CPU = Debug|Any CPU
		Release|Any CPU = Release|Any CPU
	EndGlobalSection
	GlobalSection(ProjectConfigurationPlatforms) = postSolution
		{BA15ECED-A61C-44BA-BFAC-E6A5CC27AEF2}.Debug|Any CPU.ActiveCfg = Debug|Any CPU
		{BA15ECED-A61C-44BA-BFAC-E6A5CC27AEF2}.Debug|Any CPU.Build.0 = Debug|Any CPU
		{BA15ECED-A61C-44BA-BFAC-E6A5CC27AEF2}.Release|Any CPU.ActiveCfg = Release|Any CPU
		{BA15ECED-A61C-44BA-BFAC-E6A5CC27AEF2}.Release|Any CPU.Build.0 = Release|Any CPU
		{B092B159-80D7-4E8F-8CB9-596DFFF2AC78}.Debug|Any CPU.ActiveCfg = Debug|Any CPU
		{B092B159-80D7-4E8F-8CB9-596DFFF2AC78}.Debug|Any CPU.Build.0 = Debug|Any CPU
		{B092B159-80D7-4E8F-8CB9-596DFFF2AC78}.Release|Any CPU.ActiveCfg = Release|Any CPU
		{B092B159-80D7-4E8F-8CB9-596DFFF2AC78}.Release|Any CPU.Build.0 = Release|Any CPU
		{5D9E5230-6881-4C14-A1B3-0DB1BF187C8D}.Debug|Any CPU.ActiveCfg = Debug|Any CPU
		{5D9E5230-6881-4C14-A1B3-0DB1BF187C8D}.Debug|Any CPU.Build.0 = Debug|Any CPU
		{5D9E5230-6881-4C14-A1B3-0DB1BF187C8D}.Release|Any CPU.ActiveCfg = Release|Any CPU
		{5D9E5230-6881-4C14-A1B3-0DB1BF187C8D}.Release|Any CPU.Build.0 = Release|Any CPU
	EndGlobalSection
	GlobalSection(SolutionProperties) = preSolution
		HideSolutionNode = FALSE
	EndGlobalSection
	GlobalSection(ExtensibilityGlobals) = postSolution
		SolutionGuid = {031265B5-C340-40F9-AE60-E7F2A556BE47}
	EndGlobalSection
EndGlobal
